
Microsoft Visual Studio Solution File, Format Version 12.00
# Visual Studio 15
VisualStudioVersion = 15.0.28307.572
MinimumVisualStudioVersion = 10.0.40219.1
Project("{FAE04EC0-301F-11D3-BF4B-00C04F79EFBC}") = "WebApplication1", "WebApplication1\WebApplication1.csproj", "{352794AE-0C42-4F3B-B64D-EE6902035B68}"
EndProject
Project("{FAE04EC0-301F-11D3-BF4B-00C04F79EFBC}") = "AccesoDatos", "AccesoDatos\AccesoDatos.csproj", "{C8513666-6955-45A4-8F4C-AC2DDC4D3124}"
EndProject
Project("{FAE04EC0-301F-11D3-BF4B-00C04F79EFBC}") = "Dominio", "Dominio\Dominio.csproj", "{D060B0F0-DF11-4D2C-AFBF-4BA46BDA7B03}"
EndProject
Project("{FAE04EC0-301F-11D3-BF4B-00C04F79EFBC}") = "Negocio", "Negocio\Negocio.csproj", "{9A10E4BE-1377-45AD-BE44-90CBED04778A}"
EndProject
Global
	GlobalSection(SolutionConfigurationPlatforms) = preSolution
		Debug|Any CPU = Debug|Any CPU
		Release|Any CPU = Release|Any CPU
	EndGlobalSection
	GlobalSection(ProjectConfigurationPlatforms) = postSolution
		{352794AE-0C42-4F3B-B64D-EE6902035B68}.Debug|Any CPU.ActiveCfg = Debug|Any CPU
		{352794AE-0C42-4F3B-B64D-EE6902035B68}.Debug|Any CPU.Build.0 = Debug|Any CPU
		{352794AE-0C42-4F3B-B64D-EE6902035B68}.Release|Any CPU.ActiveCfg = Release|Any CPU
		{352794AE-0C42-4F3B-B64D-EE6902035B68}.Release|Any CPU.Build.0 = Release|Any CPU
		{C8513666-6955-45A4-8F4C-AC2DDC4D3124}.Debug|Any CPU.ActiveCfg = Debug|Any CPU
		{C8513666-6955-45A4-8F4C-AC2DDC4D3124}.Debug|Any CPU.Build.0 = Debug|Any CPU
		{C8513666-6955-45A4-8F4C-AC2DDC4D3124}.Release|Any CPU.ActiveCfg = Release|Any CPU
		{C8513666-6955-45A4-8F4C-AC2DDC4D3124}.Release|Any CPU.Build.0 = Release|Any CPU
		{D060B0F0-DF11-4D2C-AFBF-4BA46BDA7B03}.Debug|Any CPU.ActiveCfg = Debug|Any CPU
		{D060B0F0-DF11-4D2C-AFBF-4BA46BDA7B03}.Debug|Any CPU.Build.0 = Debug|Any CPU
		{D060B0F0-DF11-4D2C-AFBF-4BA46BDA7B03}.Release|Any CPU.ActiveCfg = Release|Any CPU
		{D060B0F0-DF11-4D2C-AFBF-4BA46BDA7B03}.Release|Any CPU.Build.0 = Release|Any CPU
		{9A10E4BE-1377-45AD-BE44-90CBED04778A}.Debug|Any CPU.ActiveCfg = Debug|Any CPU
		{9A10E4BE-1377-45AD-BE44-90CBED04778A}.Debug|Any CPU.Build.0 = Debug|Any CPU
		{9A10E4BE-1377-45AD-BE44-90CBED04778A}.Release|Any CPU.ActiveCfg = Release|Any CPU
		{9A10E4BE-1377-45AD-BE44-90CBED04778A}.Release|Any CPU.Build.0 = Release|Any CPU
	EndGlobalSection
	GlobalSection(SolutionProperties) = preSolution
		HideSolutionNode = FALSE
	EndGlobalSection
	GlobalSection(ExtensibilityGlobals) = postSolution
		SolutionGuid = {A66E4215-3035-4D02-9479-EB24DD6747CD}
	EndGlobalSection
EndGlobal
